
Microsoft Visual Studio Solution File, Format Version 12.00
# Visual Studio Version 17
VisualStudioVersion = 17.3.32811.315
MinimumVisualStudioVersion = 10.0.40219.1
Project("{FAE04EC0-301F-11D3-BF4B-00C04F79EFBC}") = "Homework_more_3_1", "Homework_more_3_1\Homework_more_3_1.csproj", "{D5CE29F5-8E82-4597-9F7E-D412224BE4E3}"
EndProject
Global
	GlobalSection(SolutionConfigurationPlatforms) = preSolution
		Debug|Any CPU = Debug|Any CPU
		Release|Any CPU = Release|Any CPU
	EndGlobalSection
	GlobalSection(ProjectConfigurationPlatforms) = postSolution
		{D5CE29F5-8E82-4597-9F7E-D412224BE4E3}.Debug|Any CPU.ActiveCfg = Debug|Any CPU
		{D5CE29F5-8E82-4597-9F7E-D412224BE4E3}.Debug|Any CPU.Build.0 = Debug|Any CPU
		{D5CE29F5-8E82-4597-9F7E-D412224BE4E3}.Release|Any CPU.ActiveCfg = Release|Any CPU
		{D5CE29F5-8E82-4597-9F7E-D412224BE4E3}.Release|Any CPU.Build.0 = Release|Any CPU
	EndGlobalSection
	GlobalSection(SolutionProperties) = preSolution
		HideSolutionNode = FALSE
	EndGlobalSection
	GlobalSection(ExtensibilityGlobals) = postSolution
		SolutionGuid = {07277AEA-565D-4B3E-9724-3FEF34A95E2C}
	EndGlobalSection
EndGlobal
